// !$*UTF8*$!
{
	archiveVersion = 1;
	classes = {
	};
	objectVersion = 56;
	objects = {

/* Begin PBXBuildFile section */
		044A75EC2AB8E11600167197 /* AppDelegate.swift in Sources */ = {isa = PBXBuildFile; fileRef = 044A75EB2AB8E11600167197 /* AppDelegate.swift */; };
		044A75EE2AB8E11600167197 /* SceneDelegate.swift in Sources */ = {isa = PBXBuildFile; fileRef = 044A75ED2AB8E11600167197 /* SceneDelegate.swift */; };
		044A75F52AB8E11800167197 /* Assets.xcassets in Resources */ = {isa = PBXBuildFile; fileRef = 044A75F42AB8E11800167197 /* Assets.xcassets */; };
		044A75F82AB8E11800167197 /* LaunchScreen.storyboard in Resources */ = {isa = PBXBuildFile; fileRef = 044A75F62AB8E11800167197 /* LaunchScreen.storyboard */; };
		044A76032AB8EAE400167197 /* Constant.swift in Sources */ = {isa = PBXBuildFile; fileRef = 044A76022AB8EAE400167197 /* Constant.swift */; };
		044A76052AB8EB2C00167197 /* Main.storyboard in Resources */ = {isa = PBXBuildFile; fileRef = 044A76042AB8EB2B00167197 /* Main.storyboard */; };
		044A76082AB8EB4D00167197 /* TodoListViewController.swift in Sources */ = {isa = PBXBuildFile; fileRef = 044A76062AB8EB4C00167197 /* TodoListViewController.swift */; };
		044A76092AB8EB4D00167197 /* CategoryTableViewController.swift in Sources */ = {isa = PBXBuildFile; fileRef = 044A76072AB8EB4D00167197 /* CategoryTableViewController.swift */; };
		044A760D2AB8EBA500167197 /* Item.swift in Sources */ = {isa = PBXBuildFile; fileRef = 044A760C2AB8EBA500167197 /* Item.swift */; };
		044A760F2AB8EC1D00167197 /* Category.swift in Sources */ = {isa = PBXBuildFile; fileRef = 044A760E2AB8EC1D00167197 /* Category.swift */; };
		048327892ABB3D3900D3B25A /* SwipeTableViewController.swift in Sources */ = {isa = PBXBuildFile; fileRef = 048327882ABB3D3900D3B25A /* SwipeTableViewController.swift */; };
		41C8D7FEB8E953DB9B94D643 /* Pods_RealmProject.framework in Frameworks */ = {isa = PBXBuildFile; fileRef = AAB3481E27F0D55F64D976F5 /* Pods_RealmProject.framework */; };
/* End PBXBuildFile section */

/* Begin PBXFileReference section */
		044A75E82AB8E11600167197 /* RealmProject.app */ = {isa = PBXFileReference; explicitFileType = wrapper.application; includeInIndex = 0; path = RealmProject.app; sourceTree = BUILT_PRODUCTS_DIR; };
		044A75EB2AB8E11600167197 /* AppDelegate.swift */ = {isa = PBXFileReference; lastKnownFileType = sourcecode.swift; path = AppDelegate.swift; sourceTree = "<group>"; };
		044A75ED2AB8E11600167197 /* SceneDelegate.swift */ = {isa = PBXFileReference; lastKnownFileType = sourcecode.swift; path = SceneDelegate.swift; sourceTree = "<group>"; };
		044A75F42AB8E11800167197 /* Assets.xcassets */ = {isa = PBXFileReference; lastKnownFileType = folder.assetcatalog; path = Assets.xcassets; sourceTree = "<group>"; };
		044A75F72AB8E11800167197 /* Base */ = {isa = PBXFileReference; lastKnownFileType = file.storyboard; name = Base; path = Base.lproj/LaunchScreen.storyboard; sourceTree = "<group>"; };
		044A75F92AB8E11800167197 /* Info.plist */ = {isa = PBXFileReference; lastKnownFileType = text.plist.xml; path = Info.plist; sourceTree = "<group>"; };
		044A76022AB8EAE400167197 /* Constant.swift */ = {isa = PBXFileReference; lastKnownFileType = sourcecode.swift; path = Constant.swift; sourceTree = "<group>"; };
		044A76042AB8EB2B00167197 /* Main.storyboard */ = {isa = PBXFileReference; fileEncoding = 4; lastKnownFileType = file.storyboard; path = Main.storyboard; sourceTree = "<group>"; };
		044A76062AB8EB4C00167197 /* TodoListViewController.swift */ = {isa = PBXFileReference; fileEncoding = 4; lastKnownFileType = sourcecode.swift; path = TodoListViewController.swift; sourceTree = "<group>"; };
		044A76072AB8EB4D00167197 /* CategoryTableViewController.swift */ = {isa = PBXFileReference; fileEncoding = 4; lastKnownFileType = sourcecode.swift; path = CategoryTableViewController.swift; sourceTree = "<group>"; };
		044A760C2AB8EBA500167197 /* Item.swift */ = {isa = PBXFileReference; lastKnownFileType = sourcecode.swift; path = Item.swift; sourceTree = "<group>"; };
		044A760E2AB8EC1D00167197 /* Category.swift */ = {isa = PBXFileReference; lastKnownFileType = sourcecode.swift; path = Category.swift; sourceTree = "<group>"; };
		048327882ABB3D3900D3B25A /* SwipeTableViewController.swift */ = {isa = PBXFileReference; lastKnownFileType = sourcecode.swift; path = SwipeTableViewController.swift; sourceTree = "<group>"; };
		606AB3BCE937C36B2285EEF7 /* Pods-RealmProject.release.xcconfig */ = {isa = PBXFileReference; includeInIndex = 1; lastKnownFileType = text.xcconfig; name = "Pods-RealmProject.release.xcconfig"; path = "Target Support Files/Pods-RealmProject/Pods-RealmProject.release.xcconfig"; sourceTree = "<group>"; };
		A8DD4BF825BB8BF1B276CC00 /* Pods-RealmProject.debug.xcconfig */ = {isa = PBXFileReference; includeInIndex = 1; lastKnownFileType = text.xcconfig; name = "Pods-RealmProject.debug.xcconfig"; path = "Target Support Files/Pods-RealmProject/Pods-RealmProject.debug.xcconfig"; sourceTree = "<group>"; };
		AAB3481E27F0D55F64D976F5 /* Pods_RealmProject.framework */ = {isa = PBXFileReference; explicitFileType = wrapper.framework; includeInIndex = 0; path = Pods_RealmProject.framework; sourceTree = BUILT_PRODUCTS_DIR; };
/* End PBXFileReference section */

/* Begin PBXFrameworksBuildPhase section */
		044A75E52AB8E11600167197 /* Frameworks */ = {
			isa = PBXFrameworksBuildPhase;
			buildActionMask = 2147483647;
			files = (
				41C8D7FEB8E953DB9B94D643 /* Pods_RealmProject.framework in Frameworks */,
			);
			runOnlyForDeploymentPostprocessing = 0;
		};
/* End PBXFrameworksBuildPhase section */

/* Begin PBXGroup section */
		044A75DF2AB8E11600167197 = {
			isa = PBXGroup;
			children = (
				044A75EA2AB8E11600167197 /* RealmProject */,
				044A75E92AB8E11600167197 /* Products */,
				3CEE1D450437CC5D7F85093A /* Pods */,
				1DB351437CE7F1D9741B7C26 /* Frameworks */,
			);
			sourceTree = "<group>";
		};
		044A75E92AB8E11600167197 /* Products */ = {
			isa = PBXGroup;
			children = (
				044A75E82AB8E11600167197 /* RealmProject.app */,
			);
			name = Products;
			sourceTree = "<group>";
		};
		044A75EA2AB8E11600167197 /* RealmProject */ = {
			isa = PBXGroup;
			children = (
				044A75FF2AB8E51B00167197 /* Model */,
				044A760B2AB8EB7600167197 /* View */,
				044A760A2AB8EB6000167197 /* Controller */,
				044A75EB2AB8E11600167197 /* AppDelegate.swift */,
				044A75ED2AB8E11600167197 /* SceneDelegate.swift */,
				044A75F42AB8E11800167197 /* Assets.xcassets */,
				044A75F62AB8E11800167197 /* LaunchScreen.storyboard */,
				044A75F92AB8E11800167197 /* Info.plist */,
				044A76022AB8EAE400167197 /* Constant.swift */,
			);
			path = RealmProject;
			sourceTree = "<group>";
		};
		044A75FF2AB8E51B00167197 /* Model */ = {
			isa = PBXGroup;
			children = (
				044A760E2AB8EC1D00167197 /* Category.swift */,
				044A760C2AB8EBA500167197 /* Item.swift */,
			);
			path = Model;
			sourceTree = "<group>";
		};
		044A760A2AB8EB6000167197 /* Controller */ = {
			isa = PBXGroup;
			children = (
				044A76072AB8EB4D00167197 /* CategoryTableViewController.swift */,
				044A76062AB8EB4C00167197 /* TodoListViewController.swift */,
				048327882ABB3D3900D3B25A /* SwipeTableViewController.swift */,
			);
			path = Controller;
			sourceTree = "<group>";
		};
		044A760B2AB8EB7600167197 /* View */ = {
			isa = PBXGroup;
			children = (
				044A76042AB8EB2B00167197 /* Main.storyboard */,
			);
			path = View;
			sourceTree = "<group>";
		};
		1DB351437CE7F1D9741B7C26 /* Frameworks */ = {
			isa = PBXGroup;
			children = (
				AAB3481E27F0D55F64D976F5 /* Pods_RealmProject.framework */,
			);
			name = Frameworks;
			sourceTree = "<group>";
		};
		3CEE1D450437CC5D7F85093A /* Pods */ = {
			isa = PBXGroup;
			children = (
				A8DD4BF825BB8BF1B276CC00 /* Pods-RealmProject.debug.xcconfig */,
				606AB3BCE937C36B2285EEF7 /* Pods-RealmProject.release.xcconfig */,
			);
			path = Pods;
			sourceTree = "<group>";
		};
/* End PBXGroup section */

/* Begin PBXNativeTarget section */
		044A75E72AB8E11600167197 /* RealmProject */ = {
			isa = PBXNativeTarget;
			buildConfigurationList = 044A75FC2AB8E11800167197 /* Build configuration list for PBXNativeTarget "RealmProject" */;
			buildPhases = (
				7C988F0FCFA8E2F2DC181C53 /* [CP] Check Pods Manifest.lock */,
				044A75E42AB8E11600167197 /* Sources */,
				044A75E52AB8E11600167197 /* Frameworks */,
				044A75E62AB8E11600167197 /* Resources */,
				9DB9007A0F79F733BDD954BE /* [CP] Embed Pods Frameworks */,
			);
			buildRules = (
			);
			dependencies = (
			);
			name = RealmProject;
			productName = RealmProject;
			productReference = 044A75E82AB8E11600167197 /* RealmProject.app */;
			productType = "com.apple.product-type.application";
		};
/* End PBXNativeTarget section */

/* Begin PBXProject section */
		044A75E02AB8E11600167197 /* Project object */ = {
			isa = PBXProject;
			attributes = {
				BuildIndependentTargetsInParallel = 1;
				LastSwiftUpdateCheck = 1430;
				LastUpgradeCheck = 1430;
				TargetAttributes = {
					044A75E72AB8E11600167197 = {
						CreatedOnToolsVersion = 14.3.1;
					};
				};
			};
			buildConfigurationList = 044A75E32AB8E11600167197 /* Build configuration list for PBXProject "RealmProject" */;
			compatibilityVersion = "Xcode 14.0";
			developmentRegion = en;
			hasScannedForEncodings = 0;
			knownRegions = (
				en,
				Base,
			);
			mainGroup = 044A75DF2AB8E11600167197;
			productRefGroup = 044A75E92AB8E11600167197 /* Products */;
			projectDirPath = "";
			projectRoot = "";
			targets = (
				044A75E72AB8E11600167197 /* RealmProject */,
			);
		};
/* End PBXProject section */

/* Begin PBXResourcesBuildPhase section */
		044A75E62AB8E11600167197 /* Resources */ = {
			isa = PBXResourcesBuildPhase;
			buildActionMask = 2147483647;
			files = (
				044A76052AB8EB2C00167197 /* Main.storyboard in Resources */,
				044A75F82AB8E11800167197 /* LaunchScreen.storyboard in Resources */,
				044A75F52AB8E11800167197 /* Assets.xcassets in Resources */,
			);
			runOnlyForDeploymentPostprocessing = 0;
		};
/* End PBXResourcesBuildPhase section */

/* Begin PBXShellScriptBuildPhase section */
		7C988F0FCFA8E2F2DC181C53 /* [CP] Check Pods Manifest.lock */ = {
			isa = PBXShellScriptBuildPhase;
			buildActionMask = 2147483647;
			files = (
			);
			inputFileListPaths = (
			);
			inputPaths = (
				"${PODS_PODFILE_DIR_PATH}/Podfile.lock",
				"${PODS_ROOT}/Manifest.lock",
			);
			name = "[CP] Check Pods Manifest.lock";
			outputFileListPaths = (
			);
			outputPaths = (
				"$(DERIVED_FILE_DIR)/Pods-RealmProject-checkManifestLockResult.txt",
			);
			runOnlyForDeploymentPostprocessing = 0;
			shellPath = /bin/sh;
			shellScript = "diff \"${PODS_PODFILE_DIR_PATH}/Podfile.lock\" \"${PODS_ROOT}/Manifest.lock\" > /dev/null\nif [ $? != 0 ] ; then\n    # print error to STDERR\n    echo \"error: The sandbox is not in sync with the Podfile.lock. Run 'pod install' or update your CocoaPods installation.\" >&2\n    exit 1\nfi\n# This output is used by Xcode 'outputs' to avoid re-running this script phase.\necho \"SUCCESS\" > \"${SCRIPT_OUTPUT_FILE_0}\"\n";
			showEnvVarsInLog = 0;
		};
		9DB9007A0F79F733BDD954BE /* [CP] Embed Pods Frameworks */ = {
			isa = PBXShellScriptBuildPhase;
			buildActionMask = 2147483647;
			files = (
			);
			inputFileListPaths = (
				"${PODS_ROOT}/Target Support Files/Pods-RealmProject/Pods-RealmProject-frameworks-${CONFIGURATION}-input-files.xcfilelist",
			);
			name = "[CP] Embed Pods Frameworks";
			outputFileListPaths = (
				"${PODS_ROOT}/Target Support Files/Pods-RealmProject/Pods-RealmProject-frameworks-${CONFIGURATION}-output-files.xcfilelist",
			);
			runOnlyForDeploymentPostprocessing = 0;
			shellPath = /bin/sh;
			shellScript = "\"${PODS_ROOT}/Target Support Files/Pods-RealmProject/Pods-RealmProject-frameworks.sh\"\n";
			showEnvVarsInLog = 0;
		};
/* End PBXShellScriptBuildPhase section */

/* Begin PBXSourcesBuildPhase section */
		044A75E42AB8E11600167197 /* Sources */ = {
			isa = PBXSourcesBuildPhase;
			buildActionMask = 2147483647;
			files = (
				048327892ABB3D3900D3B25A /* SwipeTableViewController.swift in Sources */,
				044A76092AB8EB4D00167197 /* CategoryTableViewController.swift in Sources */,
				044A76082AB8EB4D00167197 /* TodoListViewController.swift in Sources */,
				044A75EC2AB8E11600167197 /* AppDelegate.swift in Sources */,
				044A76032AB8EAE400167197 /* Constant.swift in Sources */,
				044A760D2AB8EBA500167197 /* Item.swift in Sources */,
				044A75EE2AB8E11600167197 /* SceneDelegate.swift in Sources */,
				044A760F2AB8EC1D00167197 /* Category.swift in Sources */,
			);
			runOnlyForDeploymentPostprocessing = 0;
		};
/* End PBXSourcesBuildPhase section */

/* Begin PBXVariantGroup section */
		044A75F62AB8E11800167197 /* LaunchScreen.storyboard */ = {
			isa = PBXVariantGroup;
			children = (
				044A75F72AB8E11800167197 /* Base */,
			);
			name = LaunchScreen.storyboard;
			sourceTree = "<group>";
		};
/* End PBXVariantGroup section */

/* Begin XCBuildConfiguration section */
		044A75FA2AB8E11800167197 /* Debug */ = {
			isa = XCBuildConfiguration;
			buildSettings = {
				ALWAYS_SEARCH_USER_PATHS = NO;
				CLANG_ANALYZER_NONNULL = YES;
				CLANG_ANALYZER_NUMBER_OBJECT_CONVERSION = YES_AGGRESSIVE;
				CLANG_CXX_LANGUAGE_STANDARD = "gnu++20";
				CLANG_ENABLE_MODULES = YES;
				CLANG_ENABLE_OBJC_ARC = YES;
				CLANG_ENABLE_OBJC_WEAK = YES;
				CLANG_WARN_BLOCK_CAPTURE_AUTORELEASING = YES;
				CLANG_WARN_BOOL_CONVERSION = YES;
				CLANG_WARN_COMMA = YES;
				CLANG_WARN_CONSTANT_CONVERSION = YES;
				CLANG_WARN_DEPRECATED_OBJC_IMPLEMENTATIONS = YES;
				CLANG_WARN_DIRECT_OBJC_ISA_USAGE = YES_ERROR;
				CLANG_WARN_DOCUMENTATION_COMMENTS = YES;
				CLANG_WARN_EMPTY_BODY = YES;
				CLANG_WARN_ENUM_CONVERSION = YES;
				CLANG_WARN_INFINITE_RECURSION = YES;
				CLANG_WARN_INT_CONVERSION = YES;
				CLANG_WARN_NON_LITERAL_NULL_CONVERSION = YES;
				CLANG_WARN_OBJC_IMPLICIT_RETAIN_SELF = YES;
				CLANG_WARN_OBJC_LITERAL_CONVERSION = YES;
				CLANG_WARN_OBJC_ROOT_CLASS = YES_ERROR;
				CLANG_WARN_QUOTED_INCLUDE_IN_FRAMEWORK_HEADER = YES;
				CLANG_WARN_RANGE_LOOP_ANALYSIS = YES;
				CLANG_WARN_STRICT_PROTOTYPES = YES;
				CLANG_WARN_SUSPICIOUS_MOVE = YES;
				CLANG_WARN_UNGUARDED_AVAILABILITY = YES_AGGRESSIVE;
				CLANG_WARN_UNREACHABLE_CODE = YES;
				CLANG_WARN__DUPLICATE_METHOD_MATCH = YES;
				COPY_PHASE_STRIP = NO;
				DEBUG_INFORMATION_FORMAT = dwarf;
				ENABLE_STRICT_OBJC_MSGSEND = YES;
				ENABLE_TESTABILITY = YES;
				GCC_C_LANGUAGE_STANDARD = gnu11;
				GCC_DYNAMIC_NO_PIC = NO;
				GCC_NO_COMMON_BLOCKS = YES;
				GCC_OPTIMIZATION_LEVEL = 0;
				GCC_PREPROCESSOR_DEFINITIONS = (
					"DEBUG=1",
					"$(inherited)",
				);
				GCC_WARN_64_TO_32_BIT_CONVERSION = YES;
				GCC_WARN_ABOUT_RETURN_TYPE = YES_ERROR;
				GCC_WARN_UNDECLARED_SELECTOR = YES;
				GCC_WARN_UNINITIALIZED_AUTOS = YES_AGGRESSIVE;
				GCC_WARN_UNUSED_FUNCTION = YES;
				GCC_WARN_UNUSED_VARIABLE = YES;
				IPHONEOS_DEPLOYMENT_TARGET = 16.4;
				MTL_ENABLE_DEBUG_INFO = INCLUDE_SOURCE;
				MTL_FAST_MATH = YES;
				ONLY_ACTIVE_ARCH = YES;
				SDKROOT = iphoneos;
				SWIFT_ACTIVE_COMPILATION_CONDITIONS = DEBUG;
				SWIFT_OPTIMIZATION_LEVEL = "-Onone";
			};
			name = Debug;
		};
		044A75FB2AB8E11800167197 /* Release */ = {
			isa = XCBuildConfiguration;
			buildSettings = {
				ALWAYS_SEARCH_USER_PATHS = NO;
				CLANG_ANALYZER_NONNULL = YES;
				CLANG_ANALYZER_NUMBER_OBJECT_CONVERSION = YES_AGGRESSIVE;
				CLANG_CXX_LANGUAGE_STANDARD = "gnu++20";
				CLANG_ENABLE_MODULES = YES;
				CLANG_ENABLE_OBJC_ARC = YES;
				CLANG_ENABLE_OBJC_WEAK = YES;
				CLANG_WARN_BLOCK_CAPTURE_AUTORELEASING = YES;
				CLANG_WARN_BOOL_CONVERSION = YES;
				CLANG_WARN_COMMA = YES;
				CLANG_WARN_CONSTANT_CONVERSION = YES;
				CLANG_WARN_DEPRECATED_OBJC_IMPLEMENTATIONS = YES;
				CLANG_WARN_DIRECT_OBJC_ISA_USAGE = YES_ERROR;
				CLANG_WARN_DOCUMENTATION_COMMENTS = YES;
				CLANG_WARN_EMPTY_BODY = YES;
				CLANG_WARN_ENUM_CONVERSION = YES;
				CLANG_WARN_INFINITE_RECURSION = YES;
				CLANG_WARN_INT_CONVERSION = YES;
				CLANG_WARN_NON_LITERAL_NULL_CONVERSION = YES;
				CLANG_WARN_OBJC_IMPLICIT_RETAIN_SELF = YES;
				CLANG_WARN_OBJC_LITERAL_CONVERSION = YES;
				CLANG_WARN_OBJC_ROOT_CLASS = YES_ERROR;
				CLANG_WARN_QUOTED_INCLUDE_IN_FRAMEWORK_HEADER = YES;
				CLANG_WARN_RANGE_LOOP_ANALYSIS = YES;
				CLANG_WARN_STRICT_PROTOTYPES = YES;
				CLANG_WARN_SUSPICIOUS_MOVE = YES;
				CLANG_WARN_UNGUARDED_AVAILABILITY = YES_AGGRESSIVE;
				CLANG_WARN_UNREACHABLE_CODE = YES;
				CLANG_WARN__DUPLICATE_METHOD_MATCH = YES;
				COPY_PHASE_STRIP = NO;
				DEBUG_INFORMATION_FORMAT = "dwarf-with-dsym";
				ENABLE_NS_ASSERTIONS = NO;
				ENABLE_STRICT_OBJC_MSGSEND = YES;
				GCC_C_LANGUAGE_STANDARD = gnu11;
				GCC_NO_COMMON_BLOCKS = YES;
				GCC_WARN_64_TO_32_BIT_CONVERSION = YES;
				GCC_WARN_ABOUT_RETURN_TYPE = YES_ERROR;
				GCC_WARN_UNDECLARED_SELECTOR = YES;
				GCC_WARN_UNINITIALIZED_AUTOS = YES_AGGRESSIVE;
				GCC_WARN_UNUSED_FUNCTION = YES;
				GCC_WARN_UNUSED_VARIABLE = YES;
				IPHONEOS_DEPLOYMENT_TARGET = 16.4;
				MTL_ENABLE_DEBUG_INFO = NO;
				MTL_FAST_MATH = YES;
				SDKROOT = iphoneos;
				SWIFT_COMPILATION_MODE = wholemodule;
				SWIFT_OPTIMIZATION_LEVEL = "-O";
				VALIDATE_PRODUCT = YES;
			};
			name = Release;
		};
		044A75FD2AB8E11800167197 /* Debug */ = {
			isa = XCBuildConfiguration;
			baseConfigurationReference = A8DD4BF825BB8BF1B276CC00 /* Pods-RealmProject.debug.xcconfig */;
			buildSettings = {
				ASSETCATALOG_COMPILER_APPICON_NAME = AppIcon;
				ASSETCATALOG_COMPILER_GLOBAL_ACCENT_COLOR_NAME = AccentColor;
				CODE_SIGN_STYLE = Automatic;
				CURRENT_PROJECT_VERSION = 1;
				GENERATE_INFOPLIST_FILE = YES;
				INFOPLIST_FILE = RealmProject/Info.plist;
				INFOPLIST_KEY_UIApplicationSupportsIndirectInputEvents = YES;
				INFOPLIST_KEY_UILaunchStoryboardName = LaunchScreen;
				INFOPLIST_KEY_UIMainStoryboardFile = Main;
				INFOPLIST_KEY_UISupportedInterfaceOrientations_iPad = "UIInterfaceOrientationPortrait UIInterfaceOrientationPortraitUpsideDown UIInterfaceOrientationLandscapeLeft UIInterfaceOrientationLandscapeRight";
				INFOPLIST_KEY_UISupportedInterfaceOrientations_iPhone = "UIInterfaceOrientationPortrait UIInterfaceOrientationLandscapeLeft UIInterfaceOrientationLandscapeRight";
				LD_RUNPATH_SEARCH_PATHS = (
					"$(inherited)",
					"@executable_path/Frameworks",
				);
				MARKETING_VERSION = 1.0;
				PRODUCT_BUNDLE_IDENTIFIER = com.example.database.RealmProject;
				PRODUCT_NAME = "$(TARGET_NAME)";
				SUPPORTED_PLATFORMS = "iphoneos iphonesimulator";
				SUPPORTS_MACCATALYST = NO;
				SUPPORTS_MAC_DESIGNED_FOR_IPHONE_IPAD = NO;
				SWIFT_EMIT_LOC_STRINGS = YES;
				SWIFT_VERSION = 5.0;
				TARGETED_DEVICE_FAMILY = "1,2";
			};
			name = Debug;
		};
		044A75FE2AB8E11800167197 /* Release */ = {
			isa = XCBuildConfiguration;
			baseConfigurationReference = 606AB3BCE937C36B2285EEF7 /* Pods-RealmProject.release.xcconfig */;
			buildSettings = {
				ASSETCATALOG_COMPILER_APPICON_NAME = AppIcon;
				ASSETCATALOG_COMPILER_GLOBAL_ACCENT_COLOR_NAME = AccentColor;
				CODE_SIGN_STYLE = Automatic;
				CURRENT_PROJECT_VERSION = 1;
				GENERATE_INFOPLIST_FILE = YES;
				INFOPLIST_FILE = RealmProject/Info.plist;
				INFOPLIST_KEY_UIApplicationSupportsIndirectInputEvents = YES;
				INFOPLIST_KEY_UILaunchStoryboardName = LaunchScreen;
				INFOPLIST_KEY_UIMainStoryboardFile = Main;
				INFOPLIST_KEY_UISupportedInterfaceOrientations_iPad = "UIInterfaceOrientationPortrait UIInterfaceOrientationPortraitUpsideDown UIInterfaceOrientationLandscapeLeft UIInterfaceOrientationLandscapeRight";
				INFOPLIST_KEY_UISupportedInterfaceOrientations_iPhone = "UIInterfaceOrientationPortrait UIInterfaceOrientationLandscapeLeft UIInterfaceOrientationLandscapeRight";
				LD_RUNPATH_SEARCH_PATHS = (
					"$(inherited)",
					"@executable_path/Frameworks",
				);
				MARKETING_VERSION = 1.0;
				PRODUCT_BUNDLE_IDENTIFIER = com.example.database.RealmProject;
				PRODUCT_NAME = "$(TARGET_NAME)";
				SUPPORTED_PLATFORMS = "iphoneos iphonesimulator";
				SUPPORTS_MACCATALYST = NO;
				SUPPORTS_MAC_DESIGNED_FOR_IPHONE_IPAD = NO;
				SWIFT_EMIT_LOC_STRINGS = YES;
				SWIFT_VERSION = 5.0;
				TARGETED_DEVICE_FAMILY = "1,2";
			};
			name = Release;
		};
/* End XCBuildConfiguration section */

/* Begin XCConfigurationList section */
		044A75E32AB8E11600167197 /* Build configuration list for PBXProject "RealmProject" */ = {
			isa = XCConfigurationList;
			buildConfigurations = (
				044A75FA2AB8E11800167197 /* Debug */,
				044A75FB2AB8E11800167197 /* Release */,
			);
			defaultConfigurationIsVisible = 0;
			defaultConfigurationName = Release;
		};
		044A75FC2AB8E11800167197 /* Build configuration list for PBXNativeTarget "RealmProject" */ = {
			isa = XCConfigurationList;
			buildConfigurations = (
				044A75FD2AB8E11800167197 /* Debug */,
				044A75FE2AB8E11800167197 /* Release */,
			);
			defaultConfigurationIsVisible = 0;
			defaultConfigurationName = Release;
		};
/* End XCConfigurationList section */
	};
	rootObject = 044A75E02AB8E11600167197 /* Project object */;
}
